github.com/cristianoliveira/aerospace-ipc v0.0.0-20250525112754-c48282e8b712 h1:0nxH1aWpJkKw4XiU1ZGzCm8tpHh48cSCP92ePzxiAKE=
github.com/cristianoliveira/aerospace-ipc v0.0.0-20250525112754-c48282e8b712/go.mod h1:Dr928g0F980Y/Hu1t60RKOiWvQF02Lx5nLLM0SwPZ7M=
github.com/cristianoliveira/aerospace-ipc v0.0.0-20250525131024-af0e6a08475c h1:Hz66F55ra7M4CexO19YTNS3WczlrCs8+pHp11foXzdI=
github.com/cristianoliveira/aerospace-ipc v0.0.0-20250525131024-af0e6a08475c/go.mod h1:Dr928g0F980Y/Hu1t60RKOiWvQF02Lx5nLLM0SwPZ7M=
github.com/cristianoliveira/aerospace-ipc v0.0.0-20250525133113-3e40752c101f h1:N1jLTgiWP7ptGj6VZCSEPQr332t7RtV2NtFhhzaM7bk=
github.com/cristianoliveira/aerospace-ipc v0.0.0-20250525133113-3e40752c101f/go.mod h1:Dr928g0F980Y/Hu1t60RKOiWvQF02Lx5nLLM0SwPZ7M=
github.com/cristianoliveira/aerospace-ipc v0.0.0-20250525133615-8ac74615789d h1:ntGcDSy22+x3vNkjTjlm55mPEouFILTevEVItnysc6s=
github.com/cristianoliveira/aerospace-ipc v0.0.0-20250525133615-8ac74615789d/go.mod h1:Dr928g0F980Y/Hu1t60RKOiWvQF02Lx5nLLM0SwPZ7M=
github.com/cristianoliveira/aerospace-ipc v0.0.0-20250525135136-7421332e8758 h1:MwKmA+ulcauyBH7HQ4AqFskXposO6CrYJcDx9m8FwRM=
github.com/cristianoliveira/aerospace-ipc v0.0.0-20250525135136-7421332e8758/go.mod h1:Dr928g0F980Y/Hu1t60RKOiWvQF02Lx5nLLM0SwPZ7M=
