github.com/cristianoliveira/aerospace-ipc v0.0.2-0.20250531111758-5dfd9fd16125 h1:/dIacCULuPrbwJ3SW0qS+WiP4PFft7/qiM9fBtpGICI=
github.com/cristianoliveira/aerospace-ipc v0.0.2-0.20250531111758-5dfd9fd16125/go.mod h1:Dr928g0F980Y/Hu1t60RKOiWvQF02Lx5nLLM0SwPZ7M=
github.com/cristianoliveira/aerospace-ipc v0.1.2-0.20250608060928-4ad521ef4bd2 h1:ca2wmgWn3kuLvoxoiCuoKEEVoRpP73GeHVjHGYYlzYo=
github.com/cristianoliveira/aerospace-ipc v0.1.2-0.20250608060928-4ad521ef4bd2/go.mod h1:Dr928g0F980Y/Hu1t60RKOiWvQF02Lx5nLLM0SwPZ7M=
