github.com/cristianoliveira/aerospace-ipc v0.0.0-20250525054753-e0c4953e8e66 h1:52+E91sc/QznQo8PUSd9wDEEWxm2dyA82qYrX93AdXk=
github.com/cristianoliveira/aerospace-ipc v0.0.0-20250525054753-e0c4953e8e66/go.mod h1:EpNjpCkmuieEdiUmjm27u5Rf74QyhtlXALYVC0J7SZg=
github.com/cristianoliveira/aerospace-ipc v0.0.0-20250525112754-c48282e8b712 h1:0nxH1aWpJkKw4XiU1ZGzCm8tpHh48cSCP92ePzxiAKE=
github.com/cristianoliveira/aerospace-ipc v0.0.0-20250525112754-c48282e8b712/go.mod h1:Dr928g0F980Y/Hu1t60RKOiWvQF02Lx5nLLM0SwPZ7M=
github.com/cristianoliveira/aerospace-ipc v0.1.2-0.20250606044700-49ac1aa336d0 h1:mh2JpcituC3tfCIeazW8BKnUTqYqXGl33GrPADmpU4s=
github.com/cristianoliveira/aerospace-ipc v0.1.2-0.20250606044700-49ac1aa336d0/go.mod h1:Dr928g0F980Y/Hu1t60RKOiWvQF02Lx5nLLM0SwPZ7M=
github.com/cristianoliveira/aerospace-ipc v0.1.2-0.20250608060928-4ad521ef4bd2 h1:ca2wmgWn3kuLvoxoiCuoKEEVoRpP73GeHVjHGYYlzYo=
github.com/cristianoliveira/aerospace-ipc v0.1.2-0.20250608060928-4ad521ef4bd2/go.mod h1:Dr928g0F980Y/Hu1t60RKOiWvQF02Lx5nLLM0SwPZ7M=
